
Microsoft Visual Studio Solution File, Format Version 12.00
# Visual Studio 15
VisualStudioVersion = 15.0.28307.489
MinimumVisualStudioVersion = 10.0.40219.1
Project("{FAE04EC0-301F-11D3-BF4B-00C04F79EFBC}") = "ConsoleApp1", "ConsoleApp1\ConsoleApp1.csproj", "{332E58EC-7944-4E21-96B1-D01ADE8AB0DA}"
EndProject
Project("{2150E333-8FDC-42A3-9474-1A3956D46DE8}") = "Solution Items", "Solution Items", "{8CE8927A-D5A9-4A81-A47C-177FBFC549DE}"
	ProjectSection(SolutionItems) = preProject
		ContosoUniversity.sql = ContosoUniversity.sql
		README.md = README.md
	EndProjectSection
EndProject
Global
	GlobalSection(SolutionConfigurationPlatforms) = preSolution
		Debug|Any CPU = Debug|Any CPU
		Release|Any CPU = Release|Any CPU
	EndGlobalSection
	GlobalSection(ProjectConfigurationPlatforms) = postSolution
		{332E58EC-7944-4E21-96B1-D01ADE8AB0DA}.Debug|Any CPU.ActiveCfg = Debug|Any CPU
		{332E58EC-7944-4E21-96B1-D01ADE8AB0DA}.Debug|Any CPU.Build.0 = Debug|Any CPU
		{332E58EC-7944-4E21-96B1-D01ADE8AB0DA}.Release|Any CPU.ActiveCfg = Release|Any CPU
		{332E58EC-7944-4E21-96B1-D01ADE8AB0DA}.Release|Any CPU.Build.0 = Release|Any CPU
	EndGlobalSection
	GlobalSection(SolutionProperties) = preSolution
		HideSolutionNode = FALSE
	EndGlobalSection
	GlobalSection(ExtensibilityGlobals) = postSolution
		SolutionGuid = {491A18D0-E2A7-43EC-B7E4-C70E4A352847}
	EndGlobalSection
EndGlobal
